# This file was autogenerated by Stack.
# You should not edit this file by hand.
# For more information, please see the documentation at:
#   https://docs.haskellstack.org/en/stable/lock_files

packages:
- completed:
    name: bitcoin
    pantry-tree:
      sha256: 47cc24c6562a1d1842ab89b9dc9e90e0822986c66cd2a75ad371a67141dbaa74
      size: 7378
    sha256: 523278d15558d4261cbac253153f144ade83008059ac00e6a7eadb0f3c954a25
    size: 460572
    url: https://github.com/haskell-bitcoin/bitcoin/archive/ad02fdd05a4845117a5c980f971c125e0cfe5296.tar.gz
    version: 0.1.0
  original:
    url: https://github.com/haskell-bitcoin/bitcoin/archive/ad02fdd05a4845117a5c980f971c125e0cfe5296.tar.gz
- completed:
    hackage: tasty-hedgehog-1.2.0.0@sha256:4fb1d9ae578f47c0d677126395fe1c0e2e741558aaf169a1d2c015271c353980,1860
    pantry-tree:
      sha256: 029c4a54faa8b8cfb09a6246f5be489a340dfc046e313fc88e841660257b4456
      size: 330
  original:
    hackage: tasty-hedgehog-1.2.0.0@sha256:4fb1d9ae578f47c0d677126395fe1c0e2e741558aaf169a1d2c015271c353980,1860
snapshots:
- completed:
    sha256: e5f56f619132209b826084cacd6374d7f0344cc88a9d1d305878190e4204ae1f
    size: 619205
    url: https://raw.githubusercontent.com/commercialhaskell/stackage-snapshots/master/lts/19/31.yaml
  original:
    url: https://raw.githubusercontent.com/commercialhaskell/stackage-snapshots/master/lts/19/31.yaml
